{
  "name": "movie-list",
  "lockfileVersion": 3,
  "requires": true,
  "packages": {
    "": {
      "dependencies": {
        "@popperjs/core": "^2.11.8",
        "bootstrap": "^5.3.3",
        "fittext": "^1.0.1"
      }
    },
    "node_modules/@popperjs/core": {
      "version": "2.11.8",
      "resolved": "https://registry.npmjs.org/@popperjs/core/-/core-2.11.8.tgz",
      "integrity": "sha512-P1st0aksCrn9sGZhp8GMYwBnQsbvAWsZAX44oXNNvLHGqAOcoVxmjZiohstwQ7SqKnbR47akdNi+uleWD8+g6A==",
      "funding": {
        "type": "opencollective",
        "url": "https://opencollective.com/popperjs"
      }
    },
    "node_modules/bootstrap": {
      "version": "5.3.3",
      "resolved": "https://registry.npmjs.org/bootstrap/-/bootstrap-5.3.3.tgz",
      "integrity": "sha512-8HLCdWgyoMguSO9o+aH+iuZ+aht+mzW0u3HIMzVu7Srrpv7EBBxTnrFlSCskwdY1+EOFQSm7uMJhNQHkdPcmjg==",
      "funding": [
        {
          "type": "github",
          "url": "https://github.com/sponsors/twbs"
        },
        {
          "type": "opencollective",
          "url": "https://opencollective.com/bootstrap"
        }
      ],
      "peerDependencies": {
        "@popperjs/core": "^2.11.8"
      }
    },
    "node_modules/fittext": {
      "version": "1.0.1",
      "resolved": "https://registry.npmjs.org/fittext/-/fittext-1.0.1.tgz",
      "integrity": "sha512-c9Ag+BQJComa4/Vv2Ng4J8kVdJ3sbCmBWB+Pdqa1jGBlh6wNInJ1YMHZr+5pn6hjJcaWSabrlVsc7aK/ONJxfA==",
      "dependencies": {
        "hyphenation.de": "*"
      }
    },
    "node_modules/hyphenation.de": {
      "version": "0.2.1",
      "resolved": "https://registry.npmjs.org/hyphenation.de/-/hyphenation.de-0.2.1.tgz",
      "integrity": "sha512-s6Y4TFA8xWjRLneOPI6HV/+wzfm2c2yurTvFaXlznmsbeI6waZhMpxu94fSXGNGsrPxrzI1zTtYDEWeEeaANnw==",
      "dependencies": {
        "hypher": "*"
      }
    },
    "node_modules/hypher": {
      "version": "0.2.5",
      "resolved": "https://registry.npmjs.org/hypher/-/hypher-0.2.5.tgz",
      "integrity": "sha512-kUTpuyzBWWDO2VakmjHC/cxesg4lKQP+Fdc+7lrK4yvjNjkV9vm5UTZMDAwOyyHTOpbkYrAMlNZHG61NnE9vYQ=="
    }
  }
}
